// !$*UTF8*$!
{
	archiveVersion = 1;
	classes = {
	};
	objectVersion = 55;
	objects = {

/* Begin PBXBuildFile section */
		9FB68D6728910FD900B2B7B8 /* Tests_iOS.swift in Sources */ = {isa = PBXBuildFile; fileRef = 9FB68D6628910FD900B2B7B8 /* Tests_iOS.swift */; };
		9FB68D6928910FD900B2B7B8 /* Tests_iOSLaunchTests.swift in Sources */ = {isa = PBXBuildFile; fileRef = 9FB68D6828910FD900B2B7B8 /* Tests_iOSLaunchTests.swift */; };
		9FB68D7328910FD900B2B7B8 /* Tests_macOS.swift in Sources */ = {isa = PBXBuildFile; fileRef = 9FB68D7228910FD900B2B7B8 /* Tests_macOS.swift */; };
		9FB68D7528910FD900B2B7B8 /* Tests_macOSLaunchTests.swift in Sources */ = {isa = PBXBuildFile; fileRef = 9FB68D7428910FD900B2B7B8 /* Tests_macOSLaunchTests.swift */; };
		9FB68D7628910FD900B2B7B8 /* SwiftyP_Fund_App.swift in Sources */ = {isa = PBXBuildFile; fileRef = 9FB68D4E28910FD700B2B7B8 /* SwiftyP_Fund_App.swift */; };
		9FB68D7728910FD900B2B7B8 /* SwiftyP_Fund_App.swift in Sources */ = {isa = PBXBuildFile; fileRef = 9FB68D4E28910FD700B2B7B8 /* SwiftyP_Fund_App.swift */; };
		9FB68D7828910FD900B2B7B8 /* ContentView.swift in Sources */ = {isa = PBXBuildFile; fileRef = 9FB68D4F28910FD700B2B7B8 /* ContentView.swift */; };
		9FB68D7928910FD900B2B7B8 /* ContentView.swift in Sources */ = {isa = PBXBuildFile; fileRef = 9FB68D4F28910FD700B2B7B8 /* ContentView.swift */; };
		9FB68D7A28910FD900B2B7B8 /* Assets.xcassets in Resources */ = {isa = PBXBuildFile; fileRef = 9FB68D5028910FD900B2B7B8 /* Assets.xcassets */; };
		9FB68D7B28910FD900B2B7B8 /* Assets.xcassets in Resources */ = {isa = PBXBuildFile; fileRef = 9FB68D5028910FD900B2B7B8 /* Assets.xcassets */; };
		9FB68D8F28911FE300B2B7B8 /* Model_struct.swift in Sources */ = {isa = PBXBuildFile; fileRef = 9FB68D8E28911FE300B2B7B8 /* Model_struct.swift */; };
		9FB68D9028911FE300B2B7B8 /* Model_struct.swift in Sources */ = {isa = PBXBuildFile; fileRef = 9FB68D8E28911FE300B2B7B8 /* Model_struct.swift */; };
		9FB68D962891257C00B2B7B8 /* VM_struct.swift in Sources */ = {isa = PBXBuildFile; fileRef = 9FB68D952891257C00B2B7B8 /* VM_struct.swift */; };
		9FB68D99289127A200B2B7B8 /* View_struct.swift in Sources */ = {isa = PBXBuildFile; fileRef = 9FB68D98289127A200B2B7B8 /* View_struct.swift */; };
/* End PBXBuildFile section */

/* Begin PBXContainerItemProxy section */
		9FB68D6328910FD900B2B7B8 /* PBXContainerItemProxy */ = {
			isa = PBXContainerItemProxy;
			containerPortal = 9FB68D4928910FD700B2B7B8 /* Project object */;
			proxyType = 1;
			remoteGlobalIDString = 9FB68D5428910FD900B2B7B8;
			remoteInfo = "SwiftyP(Fund) (iOS)";
		};
		9FB68D6F28910FD900B2B7B8 /* PBXContainerItemProxy */ = {
			isa = PBXContainerItemProxy;
			containerPortal = 9FB68D4928910FD700B2B7B8 /* Project object */;
			proxyType = 1;
			remoteGlobalIDString = 9FB68D5A28910FD900B2B7B8;
			remoteInfo = "SwiftyP(Fund) (macOS)";
		};
/* End PBXContainerItemProxy section */

/* Begin PBXFileReference section */
		9FB68D4E28910FD700B2B7B8 /* SwiftyP_Fund_App.swift */ = {isa = PBXFileReference; lastKnownFileType = sourcecode.swift; path = SwiftyP_Fund_App.swift; sourceTree = "<group>"; };
		9FB68D4F28910FD700B2B7B8 /* ContentView.swift */ = {isa = PBXFileReference; lastKnownFileType = sourcecode.swift; path = ContentView.swift; sourceTree = "<group>"; };
		9FB68D5028910FD900B2B7B8 /* Assets.xcassets */ = {isa = PBXFileReference; lastKnownFileType = folder.assetcatalog; path = Assets.xcassets; sourceTree = "<group>"; };
		9FB68D5528910FD900B2B7B8 /* SwiftyP(Fund).app */ = {isa = PBXFileReference; explicitFileType = wrapper.application; includeInIndex = 0; path = "SwiftyP(Fund).app"; sourceTree = BUILT_PRODUCTS_DIR; };
		9FB68D5B28910FD900B2B7B8 /* SwiftyP(Fund).app */ = {isa = PBXFileReference; explicitFileType = wrapper.application; includeInIndex = 0; path = "SwiftyP(Fund).app"; sourceTree = BUILT_PRODUCTS_DIR; };
		9FB68D5D28910FD900B2B7B8 /* macOS.entitlements */ = {isa = PBXFileReference; lastKnownFileType = text.plist.entitlements; path = macOS.entitlements; sourceTree = "<group>"; };
		9FB68D6228910FD900B2B7B8 /* Tests iOS.xctest */ = {isa = PBXFileReference; explicitFileType = wrapper.cfbundle; includeInIndex = 0; path = "Tests iOS.xctest"; sourceTree = BUILT_PRODUCTS_DIR; };
		9FB68D6628910FD900B2B7B8 /* Tests_iOS.swift */ = {isa = PBXFileReference; lastKnownFileType = sourcecode.swift; path = Tests_iOS.swift; sourceTree = "<group>"; };
		9FB68D6828910FD900B2B7B8 /* Tests_iOSLaunchTests.swift */ = {isa = PBXFileReference; lastKnownFileType = sourcecode.swift; path = Tests_iOSLaunchTests.swift; sourceTree = "<group>"; };
		9FB68D6E28910FD900B2B7B8 /* Tests macOS.xctest */ = {isa = PBXFileReference; explicitFileType = wrapper.cfbundle; includeInIndex = 0; path = "Tests macOS.xctest"; sourceTree = BUILT_PRODUCTS_DIR; };
		9FB68D7228910FD900B2B7B8 /* Tests_macOS.swift */ = {isa = PBXFileReference; lastKnownFileType = sourcecode.swift; path = Tests_macOS.swift; sourceTree = "<group>"; };
		9FB68D7428910FD900B2B7B8 /* Tests_macOSLaunchTests.swift */ = {isa = PBXFileReference; lastKnownFileType = sourcecode.swift; path = Tests_macOSLaunchTests.swift; sourceTree = "<group>"; };
		9FB68D8E28911FE300B2B7B8 /* Model_struct.swift */ = {isa = PBXFileReference; lastKnownFileType = sourcecode.swift; path = Model_struct.swift; sourceTree = "<group>"; };
		9FB68D952891257C00B2B7B8 /* VM_struct.swift */ = {isa = PBXFileReference; lastKnownFileType = sourcecode.swift; path = VM_struct.swift; sourceTree = "<group>"; };
		9FB68D98289127A200B2B7B8 /* View_struct.swift */ = {isa = PBXFileReference; lastKnownFileType = sourcecode.swift; path = View_struct.swift; sourceTree = "<group>"; };
/* End PBXFileReference section */

/* Begin PBXFrameworksBuildPhase section */
		9FB68D5228910FD900B2B7B8 /* Frameworks */ = {
			isa = PBXFrameworksBuildPhase;
			buildActionMask = 2147483647;
			files = (
			);
			runOnlyForDeploymentPostprocessing = 0;
		};
		9FB68D5828910FD900B2B7B8 /* Frameworks */ = {
			isa = PBXFrameworksBuildPhase;
			buildActionMask = 2147483647;
			files = (
			);
			runOnlyForDeploymentPostprocessing = 0;
		};
		9FB68D5F28910FD900B2B7B8 /* Frameworks */ = {
			isa = PBXFrameworksBuildPhase;
			buildActionMask = 2147483647;
			files = (
			);
			runOnlyForDeploymentPostprocessing = 0;
		};
		9FB68D6B28910FD900B2B7B8 /* Frameworks */ = {
			isa = PBXFrameworksBuildPhase;
			buildActionMask = 2147483647;
			files = (
			);
			runOnlyForDeploymentPostprocessing = 0;
		};
/* End PBXFrameworksBuildPhase section */

/* Begin PBXGroup section */
		9FB68D4828910FD700B2B7B8 = {
			isa = PBXGroup;
			children = (
				9FB68D9A289127AD00B2B7B8 /* View */,
				9FB68D972891258800B2B7B8 /* VM */,
				9FB68D9128911FFB00B2B7B8 /* Model */,
				9FB68D4D28910FD700B2B7B8 /* Shared */,
				9FB68D5C28910FD900B2B7B8 /* macOS */,
				9FB68D6528910FD900B2B7B8 /* Tests iOS */,
				9FB68D7128910FD900B2B7B8 /* Tests macOS */,
				9FB68D5628910FD900B2B7B8 /* Products */,
			);
			sourceTree = "<group>";
		};
		9FB68D4D28910FD700B2B7B8 /* Shared */ = {
			isa = PBXGroup;
			children = (
				9FB68D4E28910FD700B2B7B8 /* SwiftyP_Fund_App.swift */,
				9FB68D4F28910FD700B2B7B8 /* ContentView.swift */,
				9FB68D5028910FD900B2B7B8 /* Assets.xcassets */,
			);
			path = Shared;
			sourceTree = "<group>";
		};
		9FB68D5628910FD900B2B7B8 /* Products */ = {
			isa = PBXGroup;
			children = (
				9FB68D5528910FD900B2B7B8 /* SwiftyP(Fund).app */,
				9FB68D5B28910FD900B2B7B8 /* SwiftyP(Fund).app */,
				9FB68D6228910FD900B2B7B8 /* Tests iOS.xctest */,
				9FB68D6E28910FD900B2B7B8 /* Tests macOS.xctest */,
			);
			name = Products;
			sourceTree = "<group>";
		};
		9FB68D5C28910FD900B2B7B8 /* macOS */ = {
			isa = PBXGroup;
			children = (
				9FB68D5D28910FD900B2B7B8 /* macOS.entitlements */,
			);
			path = macOS;
			sourceTree = "<group>";
		};
		9FB68D6528910FD900B2B7B8 /* Tests iOS */ = {
			isa = PBXGroup;
			children = (
				9FB68D6628910FD900B2B7B8 /* Tests_iOS.swift */,
				9FB68D6828910FD900B2B7B8 /* Tests_iOSLaunchTests.swift */,
			);
			path = "Tests iOS";
			sourceTree = "<group>";
		};
		9FB68D7128910FD900B2B7B8 /* Tests macOS */ = {
			isa = PBXGroup;
			children = (
				9FB68D7228910FD900B2B7B8 /* Tests_macOS.swift */,
				9FB68D7428910FD900B2B7B8 /* Tests_macOSLaunchTests.swift */,
			);
			path = "Tests macOS";
			sourceTree = "<group>";
		};
		9FB68D9128911FFB00B2B7B8 /* Model */ = {
			isa = PBXGroup;
			children = (
				9FB68D8E28911FE300B2B7B8 /* Model_struct.swift */,
			);
			path = Model;
			sourceTree = "<group>";
		};
		9FB68D972891258800B2B7B8 /* VM */ = {
			isa = PBXGroup;
			children = (
				9FB68D952891257C00B2B7B8 /* VM_struct.swift */,
			);
			path = VM;
			sourceTree = "<group>";
		};
		9FB68D9A289127AD00B2B7B8 /* View */ = {
			isa = PBXGroup;
			children = (
				9FB68D98289127A200B2B7B8 /* View_struct.swift */,
			);
			path = View;
			sourceTree = "<group>";
		};
/* End PBXGroup section */

/* Begin PBXNativeTarget section */
		9FB68D5428910FD900B2B7B8 /* SwiftyP(Fund) (iOS) */ = {
			isa = PBXNativeTarget;
			buildConfigurationList = 9FB68D7E28910FD900B2B7B8 /* Build configuration list for PBXNativeTarget "SwiftyP(Fund) (iOS)" */;
			buildPhases = (
				9FB68D5128910FD900B2B7B8 /* Sources */,
				9FB68D5228910FD900B2B7B8 /* Frameworks */,
				9FB68D5328910FD900B2B7B8 /* Resources */,
			);
			buildRules = (
			);
			dependencies = (
			);
			name = "SwiftyP(Fund) (iOS)";
			productName = "SwiftyP(Fund) (iOS)";
			productReference = 9FB68D5528910FD900B2B7B8 /* SwiftyP(Fund).app */;
			productType = "com.apple.product-type.application";
		};
		9FB68D5A28910FD900B2B7B8 /* SwiftyP(Fund) (macOS) */ = {
			isa = PBXNativeTarget;
			buildConfigurationList = 9FB68D8128910FD900B2B7B8 /* Build configuration list for PBXNativeTarget "SwiftyP(Fund) (macOS)" */;
			buildPhases = (
				9FB68D5728910FD900B2B7B8 /* Sources */,
				9FB68D5828910FD900B2B7B8 /* Frameworks */,
				9FB68D5928910FD900B2B7B8 /* Resources */,
			);
			buildRules = (
			);
			dependencies = (
			);
			name = "SwiftyP(Fund) (macOS)";
			productName = "SwiftyP(Fund) (macOS)";
			productReference = 9FB68D5B28910FD900B2B7B8 /* SwiftyP(Fund).app */;
			productType = "com.apple.product-type.application";
		};
		9FB68D6128910FD900B2B7B8 /* Tests iOS */ = {
			isa = PBXNativeTarget;
			buildConfigurationList = 9FB68D8428910FD900B2B7B8 /* Build configuration list for PBXNativeTarget "Tests iOS" */;
			buildPhases = (
				9FB68D5E28910FD900B2B7B8 /* Sources */,
				9FB68D5F28910FD900B2B7B8 /* Frameworks */,
				9FB68D6028910FD900B2B7B8 /* Resources */,
			);
			buildRules = (
			);
			dependencies = (
				9FB68D6428910FD900B2B7B8 /* PBXTargetDependency */,
			);
			name = "Tests iOS";
			productName = "Tests iOS";
			productReference = 9FB68D6228910FD900B2B7B8 /* Tests iOS.xctest */;
			productType = "com.apple.product-type.bundle.ui-testing";
		};
		9FB68D6D28910FD900B2B7B8 /* Tests macOS */ = {
			isa = PBXNativeTarget;
			buildConfigurationList = 9FB68D8728910FD900B2B7B8 /* Build configuration list for PBXNativeTarget "Tests macOS" */;
			buildPhases = (
				9FB68D6A28910FD900B2B7B8 /* Sources */,
				9FB68D6B28910FD900B2B7B8 /* Frameworks */,
				9FB68D6C28910FD900B2B7B8 /* Resources */,
			);
			buildRules = (
			);
			dependencies = (
				9FB68D7028910FD900B2B7B8 /* PBXTargetDependency */,
			);
			name = "Tests macOS";
			productName = "Tests macOS";
			productReference = 9FB68D6E28910FD900B2B7B8 /* Tests macOS.xctest */;
			productType = "com.apple.product-type.bundle.ui-testing";
		};
/* End PBXNativeTarget section */

/* Begin PBXProject section */
		9FB68D4928910FD700B2B7B8 /* Project object */ = {
			isa = PBXProject;
			attributes = {
				BuildIndependentTargetsInParallel = 1;
				LastSwiftUpdateCheck = 1340;
				LastUpgradeCheck = 1340;
				TargetAttributes = {
					9FB68D5428910FD900B2B7B8 = {
						CreatedOnToolsVersion = 13.4.1;
					};
					9FB68D5A28910FD900B2B7B8 = {
						CreatedOnToolsVersion = 13.4.1;
					};
					9FB68D6128910FD900B2B7B8 = {
						CreatedOnToolsVersion = 13.4.1;
						TestTargetID = 9FB68D5428910FD900B2B7B8;
					};
					9FB68D6D28910FD900B2B7B8 = {
						CreatedOnToolsVersion = 13.4.1;
						TestTargetID = 9FB68D5A28910FD900B2B7B8;
					};
				};
			};
			buildConfigurationList = 9FB68D4C28910FD700B2B7B8 /* Build configuration list for PBXProject "SwiftyP(Fund)" */;
			compatibilityVersion = "Xcode 13.0";
			developmentRegion = en;
			hasScannedForEncodings = 0;
			knownRegions = (
				en,
				Base,
			);
			mainGroup = 9FB68D4828910FD700B2B7B8;
			productRefGroup = 9FB68D5628910FD900B2B7B8 /* Products */;
			projectDirPath = "";
			projectRoot = "";
			targets = (
				9FB68D5428910FD900B2B7B8 /* SwiftyP(Fund) (iOS) */,
				9FB68D5A28910FD900B2B7B8 /* SwiftyP(Fund) (macOS) */,
				9FB68D6128910FD900B2B7B8 /* Tests iOS */,
				9FB68D6D28910FD900B2B7B8 /* Tests macOS */,
			);
		};
/* End PBXProject section */

/* Begin PBXResourcesBuildPhase section */
		9FB68D5328910FD900B2B7B8 /* Resources */ = {
			isa = PBXResourcesBuildPhase;
			buildActionMask = 2147483647;
			files = (
				9FB68D7A28910FD900B2B7B8 /* Assets.xcassets in Resources */,
			);
			runOnlyForDeploymentPostprocessing = 0;
		};
		9FB68D5928910FD900B2B7B8 /* Resources */ = {
			isa = PBXResourcesBuildPhase;
			buildActionMask = 2147483647;
			files = (
				9FB68D7B28910FD900B2B7B8 /* Assets.xcassets in Resources */,
			);
			runOnlyForDeploymentPostprocessing = 0;
		};
		9FB68D6028910FD900B2B7B8 /* Resources */ = {
			isa = PBXResourcesBuildPhase;
			buildActionMask = 2147483647;
			files = (
			);
			runOnlyForDeploymentPostprocessing = 0;
		};
		9FB68D6C28910FD900B2B7B8 /* Resources */ = {
			isa = PBXResourcesBuildPhase;
			buildActionMask = 2147483647;
			files = (
			);
			runOnlyForDeploymentPostprocessing = 0;
		};
/* End PBXResourcesBuildPhase section */

/* Begin PBXSourcesBuildPhase section */
		9FB68D5128910FD900B2B7B8 /* Sources */ = {
			isa = PBXSourcesBuildPhase;
			buildActionMask = 2147483647;
			files = (
				9FB68D7828910FD900B2B7B8 /* ContentView.swift in Sources */,
				9FB68D99289127A200B2B7B8 /* View_struct.swift in Sources */,
				9FB68D962891257C00B2B7B8 /* VM_struct.swift in Sources */,
				9FB68D7628910FD900B2B7B8 /* SwiftyP_Fund_App.swift in Sources */,
				9FB68D8F28911FE300B2B7B8 /* Model_struct.swift in Sources */,
			);
			runOnlyForDeploymentPostprocessing = 0;
		};
		9FB68D5728910FD900B2B7B8 /* Sources */ = {
			isa = PBXSourcesBuildPhase;
			buildActionMask = 2147483647;
			files = (
				9FB68D7928910FD900B2B7B8 /* ContentView.swift in Sources */,
				9FB68D7728910FD900B2B7B8 /* SwiftyP_Fund_App.swift in Sources */,
				9FB68D9028911FE300B2B7B8 /* Model_struct.swift in Sources */,
			);
			runOnlyForDeploymentPostprocessing = 0;
		};
		9FB68D5E28910FD900B2B7B8 /* Sources */ = {
			isa = PBXSourcesBuildPhase;
			buildActionMask = 2147483647;
			files = (
				9FB68D6928910FD900B2B7B8 /* Tests_iOSLaunchTests.swift in Sources */,
				9FB68D6728910FD900B2B7B8 /* Tests_iOS.swift in Sources */,
			);
			runOnlyForDeploymentPostprocessing = 0;
		};
		9FB68D6A28910FD900B2B7B8 /* Sources */ = {
			isa = PBXSourcesBuildPhase;
			buildActionMask = 2147483647;
			files = (
				9FB68D7528910FD900B2B7B8 /* Tests_macOSLaunchTests.swift in Sources */,
				9FB68D7328910FD900B2B7B8 /* Tests_macOS.swift in Sources */,
			);
			runOnlyForDeploymentPostprocessing = 0;
		};
/* End PBXSourcesBuildPhase section */

/* Begin PBXTargetDependency section */
		9FB68D6428910FD900B2B7B8 /* PBXTargetDependency */ = {
			isa = PBXTargetDependency;
			target = 9FB68D5428910FD900B2B7B8 /* SwiftyP(Fund) (iOS) */;
			targetProxy = 9FB68D6328910FD900B2B7B8 /* PBXContainerItemProxy */;
		};
		9FB68D7028910FD900B2B7B8 /* PBXTargetDependency */ = {
			isa = PBXTargetDependency;
			target = 9FB68D5A28910FD900B2B7B8 /* SwiftyP(Fund) (macOS) */;
			targetProxy = 9FB68D6F28910FD900B2B7B8 /* PBXContainerItemProxy */;
		};
/* End PBXTargetDependency section */

/* Begin XCBuildConfiguration section */
		9FB68D7C28910FD900B2B7B8 /* Debug */ = {
			isa = XCBuildConfiguration;
			buildSettings = {
				ALWAYS_SEARCH_USER_PATHS = NO;
				CLANG_ANALYZER_NONNULL = YES;
				CLANG_ANALYZER_NUMBER_OBJECT_CONVERSION = YES_AGGRESSIVE;
				CLANG_CXX_LANGUAGE_STANDARD = "gnu++17";
				CLANG_ENABLE_MODULES = YES;
				CLANG_ENABLE_OBJC_ARC = YES;
				CLANG_ENABLE_OBJC_WEAK = YES;
				CLANG_WARN_BLOCK_CAPTURE_AUTORELEASING = YES;
				CLANG_WARN_BOOL_CONVERSION = YES;
				CLANG_WARN_COMMA = YES;
				CLANG_WARN_CONSTANT_CONVERSION = YES;
				CLANG_WARN_DEPRECATED_OBJC_IMPLEMENTATIONS = YES;
				CLANG_WARN_DIRECT_OBJC_ISA_USAGE = YES_ERROR;
				CLANG_WARN_DOCUMENTATION_COMMENTS = YES;
				CLANG_WARN_EMPTY_BODY = YES;
				CLANG_WARN_ENUM_CONVERSION = YES;
				CLANG_WARN_INFINITE_RECURSION = YES;
				CLANG_WARN_INT_CONVERSION = YES;
				CLANG_WARN_NON_LITERAL_NULL_CONVERSION = YES;
				CLANG_WARN_OBJC_IMPLICIT_RETAIN_SELF = YES;
				CLANG_WARN_OBJC_LITERAL_CONVERSION = YES;
				CLANG_WARN_OBJC_ROOT_CLASS = YES_ERROR;
				CLANG_WARN_QUOTED_INCLUDE_IN_FRAMEWORK_HEADER = YES;
				CLANG_WARN_RANGE_LOOP_ANALYSIS = YES;
				CLANG_WARN_STRICT_PROTOTYPES = YES;
				CLANG_WARN_SUSPICIOUS_MOVE = YES;
				CLANG_WARN_UNGUARDED_AVAILABILITY = YES_AGGRESSIVE;
				CLANG_WARN_UNREACHABLE_CODE = YES;
				CLANG_WARN__DUPLICATE_METHOD_MATCH = YES;
				COPY_PHASE_STRIP = NO;
				DEBUG_INFORMATION_FORMAT = dwarf;
				ENABLE_STRICT_OBJC_MSGSEND = YES;
				ENABLE_TESTABILITY = YES;
				GCC_C_LANGUAGE_STANDARD = gnu11;
				GCC_DYNAMIC_NO_PIC = NO;
				GCC_NO_COMMON_BLOCKS = YES;
				GCC_OPTIMIZATION_LEVEL = 0;
				GCC_PREPROCESSOR_DEFINITIONS = (
					"DEBUG=1",
					"$(inherited)",
				);
				GCC_WARN_64_TO_32_BIT_CONVERSION = YES;
				GCC_WARN_ABOUT_RETURN_TYPE = YES_ERROR;
				GCC_WARN_UNDECLARED_SELECTOR = YES;
				GCC_WARN_UNINITIALIZED_AUTOS = YES_AGGRESSIVE;
				GCC_WARN_UNUSED_FUNCTION = YES;
				GCC_WARN_UNUSED_VARIABLE = YES;
				MTL_ENABLE_DEBUG_INFO = INCLUDE_SOURCE;
				MTL_FAST_MATH = YES;
				ONLY_ACTIVE_ARCH = YES;
				SWIFT_ACTIVE_COMPILATION_CONDITIONS = DEBUG;
				SWIFT_OPTIMIZATION_LEVEL = "-Onone";
			};
			name = Debug;
		};
		9FB68D7D28910FD900B2B7B8 /* Release */ = {
			isa = XCBuildConfiguration;
			buildSettings = {
				ALWAYS_SEARCH_USER_PATHS = NO;
				CLANG_ANALYZER_NONNULL = YES;
				CLANG_ANALYZER_NUMBER_OBJECT_CONVERSION = YES_AGGRESSIVE;
				CLANG_CXX_LANGUAGE_STANDARD = "gnu++17";
				CLANG_ENABLE_MODULES = YES;
				CLANG_ENABLE_OBJC_ARC = YES;
				CLANG_ENABLE_OBJC_WEAK = YES;
				CLANG_WARN_BLOCK_CAPTURE_AUTORELEASING = YES;
				CLANG_WARN_BOOL_CONVERSION = YES;
				CLANG_WARN_COMMA = YES;
				CLANG_WARN_CONSTANT_CONVERSION = YES;
				CLANG_WARN_DEPRECATED_OBJC_IMPLEMENTATIONS = YES;
				CLANG_WARN_DIRECT_OBJC_ISA_USAGE = YES_ERROR;
				CLANG_WARN_DOCUMENTATION_COMMENTS = YES;
				CLANG_WARN_EMPTY_BODY = YES;
				CLANG_WARN_ENUM_CONVERSION = YES;
				CLANG_WARN_INFINITE_RECURSION = YES;
				CLANG_WARN_INT_CONVERSION = YES;
				CLANG_WARN_NON_LITERAL_NULL_CONVERSION = YES;
				CLANG_WARN_OBJC_IMPLICIT_RETAIN_SELF = YES;
				CLANG_WARN_OBJC_LITERAL_CONVERSION = YES;
				CLANG_WARN_OBJC_ROOT_CLASS = YES_ERROR;
				CLANG_WARN_QUOTED_INCLUDE_IN_FRAMEWORK_HEADER = YES;
				CLANG_WARN_RANGE_LOOP_ANALYSIS = YES;
				CLANG_WARN_STRICT_PROTOTYPES = YES;
				CLANG_WARN_SUSPICIOUS_MOVE = YES;
				CLANG_WARN_UNGUARDED_AVAILABILITY = YES_AGGRESSIVE;
				CLANG_WARN_UNREACHABLE_CODE = YES;
				CLANG_WARN__DUPLICATE_METHOD_MATCH = YES;
				COPY_PHASE_STRIP = NO;
				DEBUG_INFORMATION_FORMAT = "dwarf-with-dsym";
				ENABLE_NS_ASSERTIONS = NO;
				ENABLE_STRICT_OBJC_MSGSEND = YES;
				GCC_C_LANGUAGE_STANDARD = gnu11;
				GCC_NO_COMMON_BLOCKS = YES;
				GCC_WARN_64_TO_32_BIT_CONVERSION = YES;
				GCC_WARN_ABOUT_RETURN_TYPE = YES_ERROR;
				GCC_WARN_UNDECLARED_SELECTOR = YES;
				GCC_WARN_UNINITIALIZED_AUTOS = YES_AGGRESSIVE;
				GCC_WARN_UNUSED_FUNCTION = YES;
				GCC_WARN_UNUSED_VARIABLE = YES;
				MTL_ENABLE_DEBUG_INFO = NO;
				MTL_FAST_MATH = YES;
				SWIFT_COMPILATION_MODE = wholemodule;
				SWIFT_OPTIMIZATION_LEVEL = "-O";
			};
			name = Release;
		};
		9FB68D7F28910FD900B2B7B8 /* Debug */ = {
			isa = XCBuildConfiguration;
			buildSettings = {
				ASSETCATALOG_COMPILER_APPICON_NAME = AppIcon;
				ASSETCATALOG_COMPILER_GLOBAL_ACCENT_COLOR_NAME = AccentColor;
				CODE_SIGN_STYLE = Automatic;
				CURRENT_PROJECT_VERSION = 1;
				DEVELOPMENT_TEAM = 9TRHC6XTN4;
				ENABLE_PREVIEWS = YES;
				GENERATE_INFOPLIST_FILE = YES;
				INFOPLIST_KEY_UIApplicationSceneManifest_Generation = YES;
				INFOPLIST_KEY_UIApplicationSupportsIndirectInputEvents = YES;
				INFOPLIST_KEY_UILaunchScreen_Generation = YES;
				INFOPLIST_KEY_UISupportedInterfaceOrientations_iPad = "UIInterfaceOrientationPortrait UIInterfaceOrientationPortraitUpsideDown UIInterfaceOrientationLandscapeLeft UIInterfaceOrientationLandscapeRight";
				INFOPLIST_KEY_UISupportedInterfaceOrientations_iPhone = "UIInterfaceOrientationPortrait UIInterfaceOrientationLandscapeLeft UIInterfaceOrientationLandscapeRight";
				IPHONEOS_DEPLOYMENT_TARGET = 15.5;
				LD_RUNPATH_SEARCH_PATHS = (
					"$(inherited)",
					"@executable_path/Frameworks",
				);
				MARKETING_VERSION = 1.0;
				PRODUCT_BUNDLE_IDENTIFIER = "Z.SwiftyP-Fund-";
				PRODUCT_NAME = "SwiftyP(Fund)";
				SDKROOT = iphoneos;
				SWIFT_EMIT_LOC_STRINGS = YES;
				SWIFT_VERSION = 5.0;
				TARGETED_DEVICE_FAMILY = "1,2";
			};
			name = Debug;
		};
		9FB68D8028910FD900B2B7B8 /* Release */ = {
			isa = XCBuildConfiguration;
			buildSettings = {
				ASSETCATALOG_COMPILER_APPICON_NAME = AppIcon;
				ASSETCATALOG_COMPILER_GLOBAL_ACCENT_COLOR_NAME = AccentColor;
				CODE_SIGN_STYLE = Automatic;
				CURRENT_PROJECT_VERSION = 1;
				DEVELOPMENT_TEAM = 9TRHC6XTN4;
				ENABLE_PREVIEWS = YES;
				GENERATE_INFOPLIST_FILE = YES;
				INFOPLIST_KEY_UIApplicationSceneManifest_Generation = YES;
				INFOPLIST_KEY_UIApplicationSupportsIndirectInputEvents = YES;
				INFOPLIST_KEY_UILaunchScreen_Generation = YES;
				INFOPLIST_KEY_UISupportedInterfaceOrientations_iPad = "UIInterfaceOrientationPortrait UIInterfaceOrientationPortraitUpsideDown UIInterfaceOrientationLandscapeLeft UIInterfaceOrientationLandscapeRight";
				INFOPLIST_KEY_UISupportedInterfaceOrientations_iPhone = "UIInterfaceOrientationPortrait UIInterfaceOrientationLandscapeLeft UIInterfaceOrientationLandscapeRight";
				IPHONEOS_DEPLOYMENT_TARGET = 15.5;
				LD_RUNPATH_SEARCH_PATHS = (
					"$(inherited)",
					"@executable_path/Frameworks",
				);
				MARKETING_VERSION = 1.0;
				PRODUCT_BUNDLE_IDENTIFIER = "Z.SwiftyP-Fund-";
				PRODUCT_NAME = "SwiftyP(Fund)";
				SDKROOT = iphoneos;
				SWIFT_EMIT_LOC_STRINGS = YES;
				SWIFT_VERSION = 5.0;
				TARGETED_DEVICE_FAMILY = "1,2";
				VALIDATE_PRODUCT = YES;
			};
			name = Release;
		};
		9FB68D8228910FD900B2B7B8 /* Debug */ = {
			isa = XCBuildConfiguration;
			buildSettings = {
				ASSETCATALOG_COMPILER_APPICON_NAME = AppIcon;
				ASSETCATALOG_COMPILER_GLOBAL_ACCENT_COLOR_NAME = AccentColor;
				CODE_SIGN_ENTITLEMENTS = macOS/macOS.entitlements;
				CODE_SIGN_STYLE = Automatic;
				COMBINE_HIDPI_IMAGES = YES;
				CURRENT_PROJECT_VERSION = 1;
				DEVELOPMENT_TEAM = 9TRHC6XTN4;
				ENABLE_HARDENED_RUNTIME = YES;
				ENABLE_PREVIEWS = YES;
				GENERATE_INFOPLIST_FILE = YES;
				INFOPLIST_KEY_NSHumanReadableCopyright = "";
				LD_RUNPATH_SEARCH_PATHS = (
					"$(inherited)",
					"@executable_path/../Frameworks",
				);
				MACOSX_DEPLOYMENT_TARGET = 12.3;
				MARKETING_VERSION = 1.0;
				PRODUCT_BUNDLE_IDENTIFIER = "Z.SwiftyP-Fund-";
				PRODUCT_NAME = "SwiftyP(Fund)";
				SDKROOT = macosx;
				SWIFT_EMIT_LOC_STRINGS = YES;
				SWIFT_VERSION = 5.0;
			};
			name = Debug;
		};
		9FB68D8328910FD900B2B7B8 /* Release */ = {
			isa = XCBuildConfiguration;
			buildSettings = {
				ASSETCATALOG_COMPILER_APPICON_NAME = AppIcon;
				ASSETCATALOG_COMPILER_GLOBAL_ACCENT_COLOR_NAME = AccentColor;
				CODE_SIGN_ENTITLEMENTS = macOS/macOS.entitlements;
				CODE_SIGN_STYLE = Automatic;
				COMBINE_HIDPI_IMAGES = YES;
				CURRENT_PROJECT_VERSION = 1;
				DEVELOPMENT_TEAM = 9TRHC6XTN4;
				ENABLE_HARDENED_RUNTIME = YES;
				ENABLE_PREVIEWS = YES;
				GENERATE_INFOPLIST_FILE = YES;
				INFOPLIST_KEY_NSHumanReadableCopyright = "";
				LD_RUNPATH_SEARCH_PATHS = (
					"$(inherited)",
					"@executable_path/../Frameworks",
				);
				MACOSX_DEPLOYMENT_TARGET = 12.3;
				MARKETING_VERSION = 1.0;
				PRODUCT_BUNDLE_IDENTIFIER = "Z.SwiftyP-Fund-";
				PRODUCT_NAME = "SwiftyP(Fund)";
				SDKROOT = macosx;
				SWIFT_EMIT_LOC_STRINGS = YES;
				SWIFT_VERSION = 5.0;
			};
			name = Release;
		};
		9FB68D8528910FD900B2B7B8 /* Debug */ = {
			isa = XCBuildConfiguration;
			buildSettings = {
				ALWAYS_EMBED_SWIFT_STANDARD_LIBRARIES = YES;
				CODE_SIGN_STYLE = Automatic;
				CURRENT_PROJECT_VERSION = 1;
				DEVELOPMENT_TEAM = 9TRHC6XTN4;
				GENERATE_INFOPLIST_FILE = YES;
				IPHONEOS_DEPLOYMENT_TARGET = 15.5;
				MARKETING_VERSION = 1.0;
				PRODUCT_BUNDLE_IDENTIFIER = "Z.Tests-iOS";
				PRODUCT_NAME = "$(TARGET_NAME)";
				SDKROOT = iphoneos;
				SWIFT_EMIT_LOC_STRINGS = NO;
				SWIFT_VERSION = 5.0;
				TARGETED_DEVICE_FAMILY = "1,2";
				TEST_TARGET_NAME = "SwiftyP(Fund) (iOS)";
			};
			name = Debug;
		};
		9FB68D8628910FD900B2B7B8 /* Release */ = {
			isa = XCBuildConfiguration;
			buildSettings = {
				ALWAYS_EMBED_SWIFT_STANDARD_LIBRARIES = YES;
				CODE_SIGN_STYLE = Automatic;
				CURRENT_PROJECT_VERSION = 1;
				DEVELOPMENT_TEAM = 9TRHC6XTN4;
				GENERATE_INFOPLIST_FILE = YES;
				IPHONEOS_DEPLOYMENT_TARGET = 15.5;
				MARKETING_VERSION = 1.0;
				PRODUCT_BUNDLE_IDENTIFIER = "Z.Tests-iOS";
				PRODUCT_NAME = "$(TARGET_NAME)";
				SDKROOT = iphoneos;
				SWIFT_EMIT_LOC_STRINGS = NO;
				SWIFT_VERSION = 5.0;
				TARGETED_DEVICE_FAMILY = "1,2";
				TEST_TARGET_NAME = "SwiftyP(Fund) (iOS)";
				VALIDATE_PRODUCT = YES;
			};
			name = Release;
		};
		9FB68D8828910FD900B2B7B8 /* Debug */ = {
			isa = XCBuildConfiguration;
			buildSettings = {
				ALWAYS_EMBED_SWIFT_STANDARD_LIBRARIES = YES;
				CODE_SIGN_STYLE = Automatic;
				CURRENT_PROJECT_VERSION = 1;
				DEVELOPMENT_TEAM = 9TRHC6XTN4;
				GENERATE_INFOPLIST_FILE = YES;
				MACOSX_DEPLOYMENT_TARGET = 12.3;
				MARKETING_VERSION = 1.0;
				PRODUCT_BUNDLE_IDENTIFIER = "Z.Tests-macOS";
				PRODUCT_NAME = "$(TARGET_NAME)";
				SDKROOT = macosx;
				SWIFT_EMIT_LOC_STRINGS = NO;
				SWIFT_VERSION = 5.0;
				TEST_TARGET_NAME = "SwiftyP(Fund) (macOS)";
			};
			name = Debug;
		};
		9FB68D8928910FD900B2B7B8 /* Release */ = {
			isa = XCBuildConfiguration;
			buildSettings = {
				ALWAYS_EMBED_SWIFT_STANDARD_LIBRARIES = YES;
				CODE_SIGN_STYLE = Automatic;
				CURRENT_PROJECT_VERSION = 1;
				DEVELOPMENT_TEAM = 9TRHC6XTN4;
				GENERATE_INFOPLIST_FILE = YES;
				MACOSX_DEPLOYMENT_TARGET = 12.3;
				MARKETING_VERSION = 1.0;
				PRODUCT_BUNDLE_IDENTIFIER = "Z.Tests-macOS";
				PRODUCT_NAME = "$(TARGET_NAME)";
				SDKROOT = macosx;
				SWIFT_EMIT_LOC_STRINGS = NO;
				SWIFT_VERSION = 5.0;
				TEST_TARGET_NAME = "SwiftyP(Fund) (macOS)";
			};
			name = Release;
		};
/* End XCBuildConfiguration section */

/* Begin XCConfigurationList section */
		9FB68D4C28910FD700B2B7B8 /* Build configuration list for PBXProject "SwiftyP(Fund)" */ = {
			isa = XCConfigurationList;
			buildConfigurations = (
				9FB68D7C28910FD900B2B7B8 /* Debug */,
				9FB68D7D28910FD900B2B7B8 /* Release */,
			);
			defaultConfigurationIsVisible = 0;
			defaultConfigurationName = Release;
		};
		9FB68D7E28910FD900B2B7B8 /* Build configuration list for PBXNativeTarget "SwiftyP(Fund) (iOS)" */ = {
			isa = XCConfigurationList;
			buildConfigurations = (
				9FB68D7F28910FD900B2B7B8 /* Debug */,
				9FB68D8028910FD900B2B7B8 /* Release */,
			);
			defaultConfigurationIsVisible = 0;
			defaultConfigurationName = Release;
		};
		9FB68D8128910FD900B2B7B8 /* Build configuration list for PBXNativeTarget "SwiftyP(Fund) (macOS)" */ = {
			isa = XCConfigurationList;
			buildConfigurations = (
				9FB68D8228910FD900B2B7B8 /* Debug */,
				9FB68D8328910FD900B2B7B8 /* Release */,
			);
			defaultConfigurationIsVisible = 0;
			defaultConfigurationName = Release;
		};
		9FB68D8428910FD900B2B7B8 /* Build configuration list for PBXNativeTarget "Tests iOS" */ = {
			isa = XCConfigurationList;
			buildConfigurations = (
				9FB68D8528910FD900B2B7B8 /* Debug */,
				9FB68D8628910FD900B2B7B8 /* Release */,
			);
			defaultConfigurationIsVisible = 0;
			defaultConfigurationName = Release;
		};
		9FB68D8728910FD900B2B7B8 /* Build configuration list for PBXNativeTarget "Tests macOS" */ = {
			isa = XCConfigurationList;
			buildConfigurations = (
				9FB68D8828910FD900B2B7B8 /* Debug */,
				9FB68D8928910FD900B2B7B8 /* Release */,
			);
			defaultConfigurationIsVisible = 0;
			defaultConfigurationName = Release;
		};
/* End XCConfigurationList section */
	};
	rootObject = 9FB68D4928910FD700B2B7B8 /* Project object */;
}
